
Microsoft Visual Studio Solution File, Format Version 12.00
# Visual Studio Version 16
VisualStudioVersion = 16.0.31911.196
MinimumVisualStudioVersion = 10.0.40219.1
Project("{FAE04EC0-301F-11D3-BF4B-00C04F79EFBC}") = "task_3.3.2", "task_3.3.2.csproj", "{2BBCB140-F96E-4362-8E94-868E48FE0A11}"
EndProject
Global
	GlobalSection(SolutionConfigurationPlatforms) = preSolution
		Debug|Any CPU = Debug|Any CPU
		Release|Any CPU = Release|Any CPU
	EndGlobalSection
	GlobalSection(ProjectConfigurationPlatforms) = postSolution
		{2BBCB140-F96E-4362-8E94-868E48FE0A11}.Debug|Any CPU.ActiveCfg = Debug|Any CPU
		{2BBCB140-F96E-4362-8E94-868E48FE0A11}.Debug|Any CPU.Build.0 = Debug|Any CPU
		{2BBCB140-F96E-4362-8E94-868E48FE0A11}.Release|Any CPU.ActiveCfg = Release|Any CPU
		{2BBCB140-F96E-4362-8E94-868E48FE0A11}.Release|Any CPU.Build.0 = Release|Any CPU
	EndGlobalSection
	GlobalSection(SolutionProperties) = preSolution
		HideSolutionNode = FALSE
	EndGlobalSection
	GlobalSection(ExtensibilityGlobals) = postSolution
		SolutionGuid = {7B7AB779-DF15-42BD-B6A3-01ED7152CAA0}
	EndGlobalSection
EndGlobal
